
Microsoft Visual Studio Solution File, Format Version 12.00
Project("{FAE04EC0-301F-11D3-BF4B-00C04F79EFBC}") = "EFCore7", "EFCore7\EFCore7.csproj", "{2B6144F2-C3D9-4E7E-B023-29BD9AAD3814}"
EndProject
Project("{FAE04EC0-301F-11D3-BF4B-00C04F79EFBC}") = "EFCore6", "EFCore6\EFCore6.csproj", "{2417C79A-0BA5-4129-91C3-E7B97817D160}"
EndProject
Project("{FAE04EC0-301F-11D3-BF4B-00C04F79EFBC}") = "ClassLibrary", "ClassLibrary\ClassLibrary.csproj", "{5345FB2C-B00E-4AAE-B9F2-A5503409BD98}"
EndProject
Global
	GlobalSection(SolutionConfigurationPlatforms) = preSolution
		Debug|Any CPU = Debug|Any CPU
		Release|Any CPU = Release|Any CPU
	EndGlobalSection
	GlobalSection(ProjectConfigurationPlatforms) = postSolution
		{2B6144F2-C3D9-4E7E-B023-29BD9AAD3814}.Debug|Any CPU.ActiveCfg = Debug|Any CPU
		{2B6144F2-C3D9-4E7E-B023-29BD9AAD3814}.Debug|Any CPU.Build.0 = Debug|Any CPU
		{2B6144F2-C3D9-4E7E-B023-29BD9AAD3814}.Release|Any CPU.ActiveCfg = Release|Any CPU
		{2B6144F2-C3D9-4E7E-B023-29BD9AAD3814}.Release|Any CPU.Build.0 = Release|Any CPU
		{2417C79A-0BA5-4129-91C3-E7B97817D160}.Debug|Any CPU.ActiveCfg = Debug|Any CPU
		{2417C79A-0BA5-4129-91C3-E7B97817D160}.Debug|Any CPU.Build.0 = Debug|Any CPU
		{2417C79A-0BA5-4129-91C3-E7B97817D160}.Release|Any CPU.ActiveCfg = Release|Any CPU
		{2417C79A-0BA5-4129-91C3-E7B97817D160}.Release|Any CPU.Build.0 = Release|Any CPU
		{5345FB2C-B00E-4AAE-B9F2-A5503409BD98}.Debug|Any CPU.ActiveCfg = Debug|Any CPU
		{5345FB2C-B00E-4AAE-B9F2-A5503409BD98}.Debug|Any CPU.Build.0 = Debug|Any CPU
		{5345FB2C-B00E-4AAE-B9F2-A5503409BD98}.Release|Any CPU.ActiveCfg = Release|Any CPU
		{5345FB2C-B00E-4AAE-B9F2-A5503409BD98}.Release|Any CPU.Build.0 = Release|Any CPU
	EndGlobalSection
EndGlobal
